
Microsoft Visual Studio Solution File, Format Version 12.00
# Visual Studio Version 17
VisualStudioVersion = 17.14.36915.13 d17.14
MinimumVisualStudioVersion = 10.0.40219.1
Project("{FAE04EC0-301F-11D3-BF4B-00C04F79EFBC}") = "cfs.demo1", "cfs.demo1\cfs.demo1.csproj", "{664D34AA-5EA8-49F3-96CD-CDC759B6A87A}"
EndProject
Project("{FAE04EC0-301F-11D3-BF4B-00C04F79EFBC}") = "cfs.demo1.test", "cfs.demo1.test\cfs.demo1.test.csproj", "{C1BFA7F4-C35B-4033-89F5-A7BA6F53D523}"
	ProjectSection(ProjectDependencies) = postProject
		{664D34AA-5EA8-49F3-96CD-CDC759B6A87A} = {664D34AA-5EA8-49F3-96CD-CDC759B6A87A}
	EndProjectSection
EndProject
Global
	GlobalSection(SolutionConfigurationPlatforms) = preSolution
		Debug|Any CPU = Debug|Any CPU
		Release|Any CPU = Release|Any CPU
	EndGlobalSection
	GlobalSection(ProjectConfigurationPlatforms) = postSolution
		{664D34AA-5EA8-49F3-96CD-CDC759B6A87A}.Debug|Any CPU.ActiveCfg = Debug|Any CPU
		{664D34AA-5EA8-49F3-96CD-CDC759B6A87A}.Debug|Any CPU.Build.0 = Debug|Any CPU
		{664D34AA-5EA8-49F3-96CD-CDC759B6A87A}.Release|Any CPU.ActiveCfg = Release|Any CPU
		{664D34AA-5EA8-49F3-96CD-CDC759B6A87A}.Release|Any CPU.Build.0 = Release|Any CPU
		{C1BFA7F4-C35B-4033-89F5-A7BA6F53D523}.Debug|Any CPU.ActiveCfg = Debug|Any CPU
		{C1BFA7F4-C35B-4033-89F5-A7BA6F53D523}.Debug|Any CPU.Build.0 = Debug|Any CPU
		{C1BFA7F4-C35B-4033-89F5-A7BA6F53D523}.Release|Any CPU.ActiveCfg = Release|Any CPU
		{C1BFA7F4-C35B-4033-89F5-A7BA6F53D523}.Release|Any CPU.Build.0 = Release|Any CPU
	EndGlobalSection
	GlobalSection(SolutionProperties) = preSolution
		HideSolutionNode = FALSE
	EndGlobalSection
	GlobalSection(ExtensibilityGlobals) = postSolution
		SolutionGuid = {D3A76638-E6A7-472C-AA97-1C519F6D8005}
	EndGlobalSection
EndGlobal
